
Microsoft Visual Studio Solution File, Format Version 12.00
# Visual Studio Version 17
VisualStudioVersion = 17.4.33213.308
MinimumVisualStudioVersion = 10.0.40219.1
Project("{2150E333-8FDC-42A3-9474-1A3956D46DE8}") = "Microservices", "Microservices", "{D2F2AF10-4556-474E-8C3D-8B4F4F9CC01E}"
EndProject
Project("{9A19103F-16F7-4668-BE54-9A1E7A4F7556}") = "Product.Api", "Product.Api\Product.Api.csproj", "{BAAFDB6F-554B-406E-9835-517138578C78}"
EndProject
Project("{9A19103F-16F7-4668-BE54-9A1E7A4F7556}") = "Customer.Api", "Customer.Api\Customer.Api.csproj", "{C32AB596-A945-4E7B-8912-0D9BE3C100A1}"
EndProject
Project("{9A19103F-16F7-4668-BE54-9A1E7A4F7556}") = "Gateway.WebApi", "Gateway.WebApi\Gateway.WebApi.csproj", "{4F887C1D-1072-41C5-A1BA-2A332CEF2CB7}"
EndProject
Project("{FAE04EC0-301F-11D3-BF4B-00C04F79EFBC}") = "JWTService", "JWTService\JWTService.csproj", "{0C0A1DE5-1F14-4286-BA97-9917B0F037DD}"
EndProject
Global
	GlobalSection(SolutionConfigurationPlatforms) = preSolution
		Debug|Any CPU = Debug|Any CPU
		Release|Any CPU = Release|Any CPU
	EndGlobalSection
	GlobalSection(ProjectConfigurationPlatforms) = postSolution
		{BAAFDB6F-554B-406E-9835-517138578C78}.Debug|Any CPU.ActiveCfg = Debug|Any CPU
		{BAAFDB6F-554B-406E-9835-517138578C78}.Debug|Any CPU.Build.0 = Debug|Any CPU
		{BAAFDB6F-554B-406E-9835-517138578C78}.Release|Any CPU.ActiveCfg = Release|Any CPU
		{BAAFDB6F-554B-406E-9835-517138578C78}.Release|Any CPU.Build.0 = Release|Any CPU
		{C32AB596-A945-4E7B-8912-0D9BE3C100A1}.Debug|Any CPU.ActiveCfg = Debug|Any CPU
		{C32AB596-A945-4E7B-8912-0D9BE3C100A1}.Debug|Any CPU.Build.0 = Debug|Any CPU
		{C32AB596-A945-4E7B-8912-0D9BE3C100A1}.Release|Any CPU.ActiveCfg = Release|Any CPU
		{C32AB596-A945-4E7B-8912-0D9BE3C100A1}.Release|Any CPU.Build.0 = Release|Any CPU
		{4F887C1D-1072-41C5-A1BA-2A332CEF2CB7}.Debug|Any CPU.ActiveCfg = Debug|Any CPU
		{4F887C1D-1072-41C5-A1BA-2A332CEF2CB7}.Debug|Any CPU.Build.0 = Debug|Any CPU
		{4F887C1D-1072-41C5-A1BA-2A332CEF2CB7}.Release|Any CPU.ActiveCfg = Release|Any CPU
		{4F887C1D-1072-41C5-A1BA-2A332CEF2CB7}.Release|Any CPU.Build.0 = Release|Any CPU
		{0C0A1DE5-1F14-4286-BA97-9917B0F037DD}.Debug|Any CPU.ActiveCfg = Debug|Any CPU
		{0C0A1DE5-1F14-4286-BA97-9917B0F037DD}.Debug|Any CPU.Build.0 = Debug|Any CPU
		{0C0A1DE5-1F14-4286-BA97-9917B0F037DD}.Release|Any CPU.ActiveCfg = Release|Any CPU
		{0C0A1DE5-1F14-4286-BA97-9917B0F037DD}.Release|Any CPU.Build.0 = Release|Any CPU
	EndGlobalSection
	GlobalSection(SolutionProperties) = preSolution
		HideSolutionNode = FALSE
	EndGlobalSection
	GlobalSection(NestedProjects) = preSolution
		{BAAFDB6F-554B-406E-9835-517138578C78} = {D2F2AF10-4556-474E-8C3D-8B4F4F9CC01E}
		{C32AB596-A945-4E7B-8912-0D9BE3C100A1} = {D2F2AF10-4556-474E-8C3D-8B4F4F9CC01E}
	EndGlobalSection
	GlobalSection(ExtensibilityGlobals) = postSolution
		SolutionGuid = {A15D3ED0-574E-4E10-A3F0-62DC3D10A4BB}
	EndGlobalSection
EndGlobal
